
Microsoft Visual Studio Solution File, Format Version 12.00
# Visual Studio Version 17
VisualStudioVersion = 17.2.32630.192
MinimumVisualStudioVersion = 10.0.40219.1
Project("{FAE04EC0-301F-11D3-BF4B-00C04F79EFBC}") = "Ejercicio9", "Ejercicio9\Ejercicio9.csproj", "{AE77EEAB-26EA-4009-9909-4408841DD9F0}"
EndProject
Global
	GlobalSection(SolutionConfigurationPlatforms) = preSolution
		Debug|Any CPU = Debug|Any CPU
		Release|Any CPU = Release|Any CPU
	EndGlobalSection
	GlobalSection(ProjectConfigurationPlatforms) = postSolution
		{AE77EEAB-26EA-4009-9909-4408841DD9F0}.Debug|Any CPU.ActiveCfg = Debug|Any CPU
		{AE77EEAB-26EA-4009-9909-4408841DD9F0}.Debug|Any CPU.Build.0 = Debug|Any CPU
		{AE77EEAB-26EA-4009-9909-4408841DD9F0}.Release|Any CPU.ActiveCfg = Release|Any CPU
		{AE77EEAB-26EA-4009-9909-4408841DD9F0}.Release|Any CPU.Build.0 = Release|Any CPU
	EndGlobalSection
	GlobalSection(SolutionProperties) = preSolution
		HideSolutionNode = FALSE
	EndGlobalSection
	GlobalSection(ExtensibilityGlobals) = postSolution
		SolutionGuid = {F6AE31BA-4A45-45F7-BC06-3795C6B0ECC1}
	EndGlobalSection
EndGlobal
