
Microsoft Visual Studio Solution File, Format Version 12.00
# Visual Studio Version 17
VisualStudioVersion = 17.2.32630.192
MinimumVisualStudioVersion = 10.0.40219.1
Project("{FAE04EC0-301F-11D3-BF4B-00C04F79EFBC}") = "Backend", "Backend\Backend.csproj", "{D357103E-5E1A-4FAC-88EF-4579310C6B79}"
EndProject
Global
	GlobalSection(SolutionConfigurationPlatforms) = preSolution
		Debug|Any CPU = Debug|Any CPU
		Release|Any CPU = Release|Any CPU
	EndGlobalSection
	GlobalSection(ProjectConfigurationPlatforms) = postSolution
		{D357103E-5E1A-4FAC-88EF-4579310C6B79}.Debug|Any CPU.ActiveCfg = Debug|Any CPU
		{D357103E-5E1A-4FAC-88EF-4579310C6B79}.Debug|Any CPU.Build.0 = Debug|Any CPU
		{D357103E-5E1A-4FAC-88EF-4579310C6B79}.Release|Any CPU.ActiveCfg = Release|Any CPU
		{D357103E-5E1A-4FAC-88EF-4579310C6B79}.Release|Any CPU.Build.0 = Release|Any CPU
	EndGlobalSection
	GlobalSection(SolutionProperties) = preSolution
		HideSolutionNode = FALSE
	EndGlobalSection
	GlobalSection(ExtensibilityGlobals) = postSolution
		SolutionGuid = {F2D26674-3C2F-474E-B689-9F16D207AF55}
	EndGlobalSection
EndGlobal
