
Microsoft Visual Studio Solution File, Format Version 12.00
# Visual Studio Version 17
VisualStudioVersion = 17.2.32630.192
MinimumVisualStudioVersion = 10.0.40219.1
Project("{FAE04EC0-301F-11D3-BF4B-00C04F79EFBC}") = "dotnetEjercicio1", "dotnetEjercicio1\dotnetEjercicio1.csproj", "{8C6D402C-1184-4A69-B981-D56740FB056F}"
EndProject
Global
	GlobalSection(SolutionConfigurationPlatforms) = preSolution
		Debug|Any CPU = Debug|Any CPU
		Release|Any CPU = Release|Any CPU
	EndGlobalSection
	GlobalSection(ProjectConfigurationPlatforms) = postSolution
		{8C6D402C-1184-4A69-B981-D56740FB056F}.Debug|Any CPU.ActiveCfg = Debug|Any CPU
		{8C6D402C-1184-4A69-B981-D56740FB056F}.Debug|Any CPU.Build.0 = Debug|Any CPU
		{8C6D402C-1184-4A69-B981-D56740FB056F}.Release|Any CPU.ActiveCfg = Release|Any CPU
		{8C6D402C-1184-4A69-B981-D56740FB056F}.Release|Any CPU.Build.0 = Release|Any CPU
	EndGlobalSection
	GlobalSection(SolutionProperties) = preSolution
		HideSolutionNode = FALSE
	EndGlobalSection
	GlobalSection(ExtensibilityGlobals) = postSolution
		SolutionGuid = {1F942760-C524-4578-9065-71DE6789F3A5}
	EndGlobalSection
EndGlobal
