
Microsoft Visual Studio Solution File, Format Version 12.00
# Visual Studio Version 17
VisualStudioVersion = 17.2.32630.192
MinimumVisualStudioVersion = 10.0.40219.1
Project("{FAE04EC0-301F-11D3-BF4B-00C04F79EFBC}") = "ejerciocio5csharp", "ejerciocio5csharp\ejerciocio5csharp.csproj", "{C55A3F9C-ACA9-4C0E-A65B-D72F87BDF955}"
EndProject
Global
	GlobalSection(SolutionConfigurationPlatforms) = preSolution
		Debug|Any CPU = Debug|Any CPU
		Release|Any CPU = Release|Any CPU
	EndGlobalSection
	GlobalSection(ProjectConfigurationPlatforms) = postSolution
		{C55A3F9C-ACA9-4C0E-A65B-D72F87BDF955}.Debug|Any CPU.ActiveCfg = Debug|Any CPU
		{C55A3F9C-ACA9-4C0E-A65B-D72F87BDF955}.Debug|Any CPU.Build.0 = Debug|Any CPU
		{C55A3F9C-ACA9-4C0E-A65B-D72F87BDF955}.Release|Any CPU.ActiveCfg = Release|Any CPU
		{C55A3F9C-ACA9-4C0E-A65B-D72F87BDF955}.Release|Any CPU.Build.0 = Release|Any CPU
	EndGlobalSection
	GlobalSection(SolutionProperties) = preSolution
		HideSolutionNode = FALSE
	EndGlobalSection
	GlobalSection(ExtensibilityGlobals) = postSolution
		SolutionGuid = {6E1156F2-E653-4061-B37E-1D175120F8D2}
	EndGlobalSection
EndGlobal
