
Microsoft Visual Studio Solution File, Format Version 12.00
# Visual Studio Version 17
VisualStudioVersion = 17.2.32630.192
MinimumVisualStudioVersion = 10.0.40219.1
Project("{FAE04EC0-301F-11D3-BF4B-00C04F79EFBC}") = "Ejercicio3csharp", "Ejercicio3csharp\Ejercicio3csharp.csproj", "{2CBE185C-A5EC-4DD5-BD4C-5F900E6FA441}"
EndProject
Global
	GlobalSection(SolutionConfigurationPlatforms) = preSolution
		Debug|Any CPU = Debug|Any CPU
		Release|Any CPU = Release|Any CPU
	EndGlobalSection
	GlobalSection(ProjectConfigurationPlatforms) = postSolution
		{2CBE185C-A5EC-4DD5-BD4C-5F900E6FA441}.Debug|Any CPU.ActiveCfg = Debug|Any CPU
		{2CBE185C-A5EC-4DD5-BD4C-5F900E6FA441}.Debug|Any CPU.Build.0 = Debug|Any CPU
		{2CBE185C-A5EC-4DD5-BD4C-5F900E6FA441}.Release|Any CPU.ActiveCfg = Release|Any CPU
		{2CBE185C-A5EC-4DD5-BD4C-5F900E6FA441}.Release|Any CPU.Build.0 = Release|Any CPU
	EndGlobalSection
	GlobalSection(SolutionProperties) = preSolution
		HideSolutionNode = FALSE
	EndGlobalSection
	GlobalSection(ExtensibilityGlobals) = postSolution
		SolutionGuid = {75613BC1-27B0-4FF6-A68A-4053AA2192F7}
	EndGlobalSection
EndGlobal
