
Microsoft Visual Studio Solution File, Format Version 12.00
# Visual Studio Version 17
VisualStudioVersion = 17.2.32630.192
MinimumVisualStudioVersion = 10.0.40219.1
Project("{FAE04EC0-301F-11D3-BF4B-00C04F79EFBC}") = "Ejercicio4csharp", "Ejercicio4csharp\Ejercicio4csharp.csproj", "{B9F88099-8792-48F1-A283-C99D4C991520}"
EndProject
Global
	GlobalSection(SolutionConfigurationPlatforms) = preSolution
		Debug|Any CPU = Debug|Any CPU
		Release|Any CPU = Release|Any CPU
	EndGlobalSection
	GlobalSection(ProjectConfigurationPlatforms) = postSolution
		{B9F88099-8792-48F1-A283-C99D4C991520}.Debug|Any CPU.ActiveCfg = Debug|Any CPU
		{B9F88099-8792-48F1-A283-C99D4C991520}.Debug|Any CPU.Build.0 = Debug|Any CPU
		{B9F88099-8792-48F1-A283-C99D4C991520}.Release|Any CPU.ActiveCfg = Release|Any CPU
		{B9F88099-8792-48F1-A283-C99D4C991520}.Release|Any CPU.Build.0 = Release|Any CPU
	EndGlobalSection
	GlobalSection(SolutionProperties) = preSolution
		HideSolutionNode = FALSE
	EndGlobalSection
	GlobalSection(ExtensibilityGlobals) = postSolution
		SolutionGuid = {DE135DA6-BF58-43D3-AAD6-174CB5ED8AD0}
	EndGlobalSection
EndGlobal
